
Microsoft Visual Studio Solution File, Format Version 12.00
# Visual Studio Version 17
VisualStudioVersion = 17.0.31903.59
MinimumVisualStudioVersion = 10.0.40219.1
Project("{2150E333-8FDC-42A3-9474-1A3956D46DE8}") = "src", "src", "{827E0CD3-B72D-47B6-A68D-7590B98EB39B}"
EndProject
Project("{FAE04EC0-301F-11D3-BF4B-00C04F79EFBC}") = "Api.Barbershop", "src\Api.Barbershop\Api.Barbershop.csproj", "{75B454EC-4C2F-45BA-BC20-0DACBC5A517D}"
EndProject
Project("{FAE04EC0-301F-11D3-BF4B-00C04F79EFBC}") = "Barbershop.Application", "src\Barbershop.Application\Barbershop.Application.csproj", "{BA6FB886-0F37-436D-B78E-B4DDD800A61D}"
EndProject
Project("{FAE04EC0-301F-11D3-BF4B-00C04F79EFBC}") = "Barbershop.Domain", "src\Barbershop.Domain\Barbershop.Domain.csproj", "{327E8A8F-5F10-455A-BFFE-4CE4D5A32DD1}"
EndProject
Project("{FAE04EC0-301F-11D3-BF4B-00C04F79EFBC}") = "Barbershop.Infrastructure", "src\Barbershop.Infrastructure\Barbershop.Infrastructure.csproj", "{B3AA5C54-B954-4715-B8F4-C9552E6F5E40}"
EndProject
Project("{2150E333-8FDC-42A3-9474-1A3956D46DE8}") = "tests", "tests", "{0AB3BF05-4346-4AA6-1389-037BE0695223}"
EndProject
Project("{FAE04EC0-301F-11D3-BF4B-00C04F79EFBC}") = "Barbershop.Tests", "tests\Barbershop.Tests\Barbershop.Tests.csproj", "{B8A20F52-6674-49F0-AE70-646CCE73A7D9}"
EndProject
Global
	GlobalSection(SolutionConfigurationPlatforms) = preSolution
		Debug|Any CPU = Debug|Any CPU
		Debug|x64 = Debug|x64
		Debug|x86 = Debug|x86
		Release|Any CPU = Release|Any CPU
		Release|x64 = Release|x64
		Release|x86 = Release|x86
	EndGlobalSection
	GlobalSection(ProjectConfigurationPlatforms) = postSolution
		{75B454EC-4C2F-45BA-BC20-0DACBC5A517D}.Debug|Any CPU.ActiveCfg = Debug|Any CPU
		{75B454EC-4C2F-45BA-BC20-0DACBC5A517D}.Debug|Any CPU.Build.0 = Debug|Any CPU
		{75B454EC-4C2F-45BA-BC20-0DACBC5A517D}.Debug|x64.ActiveCfg = Debug|Any CPU
		{75B454EC-4C2F-45BA-BC20-0DACBC5A517D}.Debug|x64.Build.0 = Debug|Any CPU
		{75B454EC-4C2F-45BA-BC20-0DACBC5A517D}.Debug|x86.ActiveCfg = Debug|Any CPU
		{75B454EC-4C2F-45BA-BC20-0DACBC5A517D}.Debug|x86.Build.0 = Debug|Any CPU
		{75B454EC-4C2F-45BA-BC20-0DACBC5A517D}.Release|Any CPU.ActiveCfg = Release|Any CPU
		{75B454EC-4C2F-45BA-BC20-0DACBC5A517D}.Release|Any CPU.Build.0 = Release|Any CPU
		{75B454EC-4C2F-45BA-BC20-0DACBC5A517D}.Release|x64.ActiveCfg = Release|Any CPU
		{75B454EC-4C2F-45BA-BC20-0DACBC5A517D}.Release|x64.Build.0 = Release|Any CPU
		{75B454EC-4C2F-45BA-BC20-0DACBC5A517D}.Release|x86.ActiveCfg = Release|Any CPU
		{75B454EC-4C2F-45BA-BC20-0DACBC5A517D}.Release|x86.Build.0 = Release|Any CPU
		{BA6FB886-0F37-436D-B78E-B4DDD800A61D}.Debug|Any CPU.ActiveCfg = Debug|Any CPU
		{BA6FB886-0F37-436D-B78E-B4DDD800A61D}.Debug|Any CPU.Build.0 = Debug|Any CPU
		{BA6FB886-0F37-436D-B78E-B4DDD800A61D}.Debug|x64.ActiveCfg = Debug|Any CPU
		{BA6FB886-0F37-436D-B78E-B4DDD800A61D}.Debug|x64.Build.0 = Debug|Any CPU
		{BA6FB886-0F37-436D-B78E-B4DDD800A61D}.Debug|x86.ActiveCfg = Debug|Any CPU
		{BA6FB886-0F37-436D-B78E-B4DDD800A61D}.Debug|x86.Build.0 = Debug|Any CPU
		{BA6FB886-0F37-436D-B78E-B4DDD800A61D}.Release|Any CPU.ActiveCfg = Release|Any CPU
		{BA6FB886-0F37-436D-B78E-B4DDD800A61D}.Release|Any CPU.Build.0 = Release|Any CPU
		{BA6FB886-0F37-436D-B78E-B4DDD800A61D}.Release|x64.ActiveCfg = Release|Any CPU
		{BA6FB886-0F37-436D-B78E-B4DDD800A61D}.Release|x64.Build.0 = Release|Any CPU
		{BA6FB886-0F37-436D-B78E-B4DDD800A61D}.Release|x86.ActiveCfg = Release|Any CPU
		{BA6FB886-0F37-436D-B78E-B4DDD800A61D}.Release|x86.Build.0 = Release|Any CPU
		{327E8A8F-5F10-455A-BFFE-4CE4D5A32DD1}.Debug|Any CPU.ActiveCfg = Debug|Any CPU
		{327E8A8F-5F10-455A-BFFE-4CE4D5A32DD1}.Debug|Any CPU.Build.0 = Debug|Any CPU
		{327E8A8F-5F10-455A-BFFE-4CE4D5A32DD1}.Debug|x64.ActiveCfg = Debug|Any CPU
		{327E8A8F-5F10-455A-BFFE-4CE4D5A32DD1}.Debug|x64.Build.0 = Debug|Any CPU
		{327E8A8F-5F10-455A-BFFE-4CE4D5A32DD1}.Debug|x86.ActiveCfg = Debug|Any CPU
		{327E8A8F-5F10-455A-BFFE-4CE4D5A32DD1}.Debug|x86.Build.0 = Debug|Any CPU
		{327E8A8F-5F10-455A-BFFE-4CE4D5A32DD1}.Release|Any CPU.ActiveCfg = Release|Any CPU
		{327E8A8F-5F10-455A-BFFE-4CE4D5A32DD1}.Release|Any CPU.Build.0 = Release|Any CPU
		{327E8A8F-5F10-455A-BFFE-4CE4D5A32DD1}.Release|x64.ActiveCfg = Release|Any CPU
		{327E8A8F-5F10-455A-BFFE-4CE4D5A32DD1}.Release|x64.Build.0 = Release|Any CPU
		{327E8A8F-5F10-455A-BFFE-4CE4D5A32DD1}.Release|x86.ActiveCfg = Release|Any CPU
		{327E8A8F-5F10-455A-BFFE-4CE4D5A32DD1}.Release|x86.Build.0 = Release|Any CPU
		{B3AA5C54-B954-4715-B8F4-C9552E6F5E40}.Debug|Any CPU.ActiveCfg = Debug|Any CPU
		{B3AA5C54-B954-4715-B8F4-C9552E6F5E40}.Debug|Any CPU.Build.0 = Debug|Any CPU
		{B3AA5C54-B954-4715-B8F4-C9552E6F5E40}.Debug|x64.ActiveCfg = Debug|Any CPU
		{B3AA5C54-B954-4715-B8F4-C9552E6F5E40}.Debug|x64.Build.0 = Debug|Any CPU
		{B3AA5C54-B954-4715-B8F4-C9552E6F5E40}.Debug|x86.ActiveCfg = Debug|Any CPU
		{B3AA5C54-B954-4715-B8F4-C9552E6F5E40}.Debug|x86.Build.0 = Debug|Any CPU
		{B3AA5C54-B954-4715-B8F4-C9552E6F5E40}.Release|Any CPU.ActiveCfg = Release|Any CPU
		{B3AA5C54-B954-4715-B8F4-C9552E6F5E40}.Release|Any CPU.Build.0 = Release|Any CPU
		{B3AA5C54-B954-4715-B8F4-C9552E6F5E40}.Release|x64.ActiveCfg = Release|Any CPU
		{B3AA5C54-B954-4715-B8F4-C9552E6F5E40}.Release|x64.Build.0 = Release|Any CPU
		{B3AA5C54-B954-4715-B8F4-C9552E6F5E40}.Release|x86.ActiveCfg = Release|Any CPU
		{B3AA5C54-B954-4715-B8F4-C9552E6F5E40}.Release|x86.Build.0 = Release|Any CPU
		{B8A20F52-6674-49F0-AE70-646CCE73A7D9}.Debug|Any CPU.ActiveCfg = Debug|Any CPU
		{B8A20F52-6674-49F0-AE70-646CCE73A7D9}.Debug|Any CPU.Build.0 = Debug|Any CPU
		{B8A20F52-6674-49F0-AE70-646CCE73A7D9}.Debug|x64.ActiveCfg = Debug|Any CPU
		{B8A20F52-6674-49F0-AE70-646CCE73A7D9}.Debug|x64.Build.0 = Debug|Any CPU
		{B8A20F52-6674-49F0-AE70-646CCE73A7D9}.Debug|x86.ActiveCfg = Debug|Any CPU
		{B8A20F52-6674-49F0-AE70-646CCE73A7D9}.Debug|x86.Build.0 = Debug|Any CPU
		{B8A20F52-6674-49F0-AE70-646CCE73A7D9}.Release|Any CPU.ActiveCfg = Release|Any CPU
		{B8A20F52-6674-49F0-AE70-646CCE73A7D9}.Release|Any CPU.Build.0 = Release|Any CPU
		{B8A20F52-6674-49F0-AE70-646CCE73A7D9}.Release|x64.ActiveCfg = Release|Any CPU
		{B8A20F52-6674-49F0-AE70-646CCE73A7D9}.Release|x64.Build.0 = Release|Any CPU
		{B8A20F52-6674-49F0-AE70-646CCE73A7D9}.Release|x86.ActiveCfg = Release|Any CPU
		{B8A20F52-6674-49F0-AE70-646CCE73A7D9}.Release|x86.Build.0 = Release|Any CPU
	EndGlobalSection
	GlobalSection(SolutionProperties) = preSolution
		HideSolutionNode = FALSE
	EndGlobalSection
	GlobalSection(NestedProjects) = preSolution
		{75B454EC-4C2F-45BA-BC20-0DACBC5A517D} = {827E0CD3-B72D-47B6-A68D-7590B98EB39B}
		{BA6FB886-0F37-436D-B78E-B4DDD800A61D} = {827E0CD3-B72D-47B6-A68D-7590B98EB39B}
		{327E8A8F-5F10-455A-BFFE-4CE4D5A32DD1} = {827E0CD3-B72D-47B6-A68D-7590B98EB39B}
		{B3AA5C54-B954-4715-B8F4-C9552E6F5E40} = {827E0CD3-B72D-47B6-A68D-7590B98EB39B}
		{B8A20F52-6674-49F0-AE70-646CCE73A7D9} = {0AB3BF05-4346-4AA6-1389-037BE0695223}
	EndGlobalSection
EndGlobal
